
Microsoft Visual Studio Solution File, Format Version 12.00
# Visual Studio 14
VisualStudioVersion = 14.0.25420.1
MinimumVisualStudioVersion = 10.0.40219.1
Project("{2150E333-8FDC-42A3-9474-1A3956D46DE8}") = "Foundation", "Foundation", "{55345A9C-68A2-4D3F-BC5E-E1E798843931}"
EndProject
Project("{2150E333-8FDC-42A3-9474-1A3956D46DE8}") = "Feature", "Feature", "{34F71C2C-D95C-4012-B3CF-9BC06AD7B025}"
EndProject
Project("{2150E333-8FDC-42A3-9474-1A3956D46DE8}") = "Project", "Project", "{87AF3220-0D0A-4728-86FE-40F0BB8FE359}"
EndProject
Project("{2150E333-8FDC-42A3-9474-1A3956D46DE8}") = "WebSite", "WebSite", "{7BCBE820-ACE7-4FE7-8179-82D9255CA4C1}"
EndProject
Project("{2150E333-8FDC-42A3-9474-1A3956D46DE8}") = "Common", "Common", "{2EA07BBE-B32A-465C-9070-50365C2CFD17}"
EndProject
Project("{2150E333-8FDC-42A3-9474-1A3956D46DE8}") = "Configuration", "Configuration", "{828CF7A7-45B4-4FF2-A808-AF4D53371CC8}"
EndProject
Project("{2150E333-8FDC-42A3-9474-1A3956D46DE8}") = "Navigation", "Navigation", "{5DDBE577-2A06-496A-9179-BAC9BEDA832E}"
EndProject
Project("{FAE04EC0-301F-11D3-BF4B-00C04F79EFBC}") = "Sitecore.Feature.Navigation", "src\Feature\Navigation\code\Sitecore.Feature.Navigation.csproj", "{32E00F0A-393E-4786-ABBF-30620CBD71D5}"
EndProject
Project("{FAE04EC0-301F-11D3-BF4B-00C04F79EFBC}") = "Sitecore.Common.Website", "src\Project\Common\code\Sitecore.Common.Website.csproj", "{04D5BBBB-A734-41BA-A12E-12243178DF8B}"
EndProject
Project("{FAE04EC0-301F-11D3-BF4B-00C04F79EFBC}") = "Sitecore.CreOwn.Website", "src\Project\WebSite\code\Sitecore.CreOwn.Website.csproj", "{B564DD77-6E06-439F-98E7-C272753037D2}"
EndProject
Project("{2150E333-8FDC-42A3-9474-1A3956D46DE8}") = "Serialization", "Serialization", "{852D852E-0FF6-47B4-9893-0533708C222D}"
EndProject
Project("{FAE04EC0-301F-11D3-BF4B-00C04F79EFBC}") = "Sitecore.Foundation.Serialization", "src\Foundation\Serialization\code\Sitecore.Foundation.Serialization.csproj", "{2099251D-F09D-41B5-A1AA-E2889135BDA4}"
EndProject
Project("{2150E333-8FDC-42A3-9474-1A3956D46DE8}") = "GlassMapper", "GlassMapper", "{F499D191-9F10-4C21-81C5-D0E9534A7478}"
EndProject
Project("{FAE04EC0-301F-11D3-BF4B-00C04F79EFBC}") = "Sitecore.Foundation.GlassMapper", "src\Foundation\GlassMapper\code\Sitecore.Foundation.GlassMapper.csproj", "{668295F7-1902-4804-83BF-4E7E60A54047}"
EndProject
Project("{2150E333-8FDC-42A3-9474-1A3956D46DE8}") = "Identity", "Identity", "{05F06F85-B7BD-4C8A-87F1-0362E445D67A}"
EndProject
Project("{FAE04EC0-301F-11D3-BF4B-00C04F79EFBC}") = "Sitecore.Feature.Identity", "src\Feature\Identity\code\Sitecore.Feature.Identity.csproj", "{25900ACB-1835-420B-9EE7-D38BDB401FF6}"
EndProject
Global
	GlobalSection(SolutionConfigurationPlatforms) = preSolution
		Debug|Any CPU = Debug|Any CPU
		Release|Any CPU = Release|Any CPU
	EndGlobalSection
	GlobalSection(ProjectConfigurationPlatforms) = postSolution
		{32E00F0A-393E-4786-ABBF-30620CBD71D5}.Debug|Any CPU.ActiveCfg = Debug|Any CPU
		{32E00F0A-393E-4786-ABBF-30620CBD71D5}.Debug|Any CPU.Build.0 = Debug|Any CPU
		{32E00F0A-393E-4786-ABBF-30620CBD71D5}.Release|Any CPU.ActiveCfg = Release|Any CPU
		{32E00F0A-393E-4786-ABBF-30620CBD71D5}.Release|Any CPU.Build.0 = Release|Any CPU
		{04D5BBBB-A734-41BA-A12E-12243178DF8B}.Debug|Any CPU.ActiveCfg = Debug|Any CPU
		{04D5BBBB-A734-41BA-A12E-12243178DF8B}.Debug|Any CPU.Build.0 = Debug|Any CPU
		{04D5BBBB-A734-41BA-A12E-12243178DF8B}.Release|Any CPU.ActiveCfg = Release|Any CPU
		{04D5BBBB-A734-41BA-A12E-12243178DF8B}.Release|Any CPU.Build.0 = Release|Any CPU
		{B564DD77-6E06-439F-98E7-C272753037D2}.Debug|Any CPU.ActiveCfg = Debug|Any CPU
		{B564DD77-6E06-439F-98E7-C272753037D2}.Debug|Any CPU.Build.0 = Debug|Any CPU
		{B564DD77-6E06-439F-98E7-C272753037D2}.Release|Any CPU.ActiveCfg = Release|Any CPU
		{B564DD77-6E06-439F-98E7-C272753037D2}.Release|Any CPU.Build.0 = Release|Any CPU
		{2099251D-F09D-41B5-A1AA-E2889135BDA4}.Debug|Any CPU.ActiveCfg = Debug|Any CPU
		{2099251D-F09D-41B5-A1AA-E2889135BDA4}.Debug|Any CPU.Build.0 = Debug|Any CPU
		{2099251D-F09D-41B5-A1AA-E2889135BDA4}.Release|Any CPU.ActiveCfg = Release|Any CPU
		{2099251D-F09D-41B5-A1AA-E2889135BDA4}.Release|Any CPU.Build.0 = Release|Any CPU
		{668295F7-1902-4804-83BF-4E7E60A54047}.Debug|Any CPU.ActiveCfg = Debug|Any CPU
		{668295F7-1902-4804-83BF-4E7E60A54047}.Debug|Any CPU.Build.0 = Debug|Any CPU
		{668295F7-1902-4804-83BF-4E7E60A54047}.Release|Any CPU.ActiveCfg = Release|Any CPU
		{668295F7-1902-4804-83BF-4E7E60A54047}.Release|Any CPU.Build.0 = Release|Any CPU
		{25900ACB-1835-420B-9EE7-D38BDB401FF6}.Debug|Any CPU.ActiveCfg = Debug|Any CPU
		{25900ACB-1835-420B-9EE7-D38BDB401FF6}.Debug|Any CPU.Build.0 = Debug|Any CPU
		{25900ACB-1835-420B-9EE7-D38BDB401FF6}.Release|Any CPU.ActiveCfg = Release|Any CPU
		{25900ACB-1835-420B-9EE7-D38BDB401FF6}.Release|Any CPU.Build.0 = Release|Any CPU
	EndGlobalSection
	GlobalSection(SolutionProperties) = preSolution
		HideSolutionNode = FALSE
	EndGlobalSection
	GlobalSection(NestedProjects) = preSolution
		{7BCBE820-ACE7-4FE7-8179-82D9255CA4C1} = {87AF3220-0D0A-4728-86FE-40F0BB8FE359}
		{2EA07BBE-B32A-465C-9070-50365C2CFD17} = {87AF3220-0D0A-4728-86FE-40F0BB8FE359}
		{5DDBE577-2A06-496A-9179-BAC9BEDA832E} = {34F71C2C-D95C-4012-B3CF-9BC06AD7B025}
		{32E00F0A-393E-4786-ABBF-30620CBD71D5} = {5DDBE577-2A06-496A-9179-BAC9BEDA832E}
		{04D5BBBB-A734-41BA-A12E-12243178DF8B} = {2EA07BBE-B32A-465C-9070-50365C2CFD17}
		{B564DD77-6E06-439F-98E7-C272753037D2} = {7BCBE820-ACE7-4FE7-8179-82D9255CA4C1}
		{852D852E-0FF6-47B4-9893-0533708C222D} = {55345A9C-68A2-4D3F-BC5E-E1E798843931}
		{2099251D-F09D-41B5-A1AA-E2889135BDA4} = {852D852E-0FF6-47B4-9893-0533708C222D}
		{F499D191-9F10-4C21-81C5-D0E9534A7478} = {55345A9C-68A2-4D3F-BC5E-E1E798843931}
		{668295F7-1902-4804-83BF-4E7E60A54047} = {F499D191-9F10-4C21-81C5-D0E9534A7478}
		{05F06F85-B7BD-4C8A-87F1-0362E445D67A} = {34F71C2C-D95C-4012-B3CF-9BC06AD7B025}
		{25900ACB-1835-420B-9EE7-D38BDB401FF6} = {05F06F85-B7BD-4C8A-87F1-0362E445D67A}
	EndGlobalSection
EndGlobal
